
Microsoft Visual Studio Solution File, Format Version 12.00
# Visual Studio Version 17
VisualStudioVersion = 17.9.34728.123
MinimumVisualStudioVersion = 10.0.40219.1
Project("{9A19103F-16F7-4668-BE54-9A1E7A4F7556}") = "StarTruckerCustomRadio", "Starfucker\StarTruckerCustomRadio.csproj", "{8C292EC5-4E57-4B5C-9C48-EB2C0E40FD1D}"
EndProject
Global
	GlobalSection(SolutionConfigurationPlatforms) = preSolution
		Debug|Any CPU = Debug|Any CPU
		Release|Any CPU = Release|Any CPU
	EndGlobalSection
	GlobalSection(ProjectConfigurationPlatforms) = postSolution
		{8C292EC5-4E57-4B5C-9C48-EB2C0E40FD1D}.Debug|Any CPU.ActiveCfg = Debug|Any CPU
		{8C292EC5-4E57-4B5C-9C48-EB2C0E40FD1D}.Debug|Any CPU.Build.0 = Debug|Any CPU
		{8C292EC5-4E57-4B5C-9C48-EB2C0E40FD1D}.Release|Any CPU.ActiveCfg = Release|Any CPU
		{8C292EC5-4E57-4B5C-9C48-EB2C0E40FD1D}.Release|Any CPU.Build.0 = Release|Any CPU
	EndGlobalSection
	GlobalSection(SolutionProperties) = preSolution
		HideSolutionNode = FALSE
	EndGlobalSection
	GlobalSection(ExtensibilityGlobals) = postSolution
		SolutionGuid = {0FA662FE-D653-4004-BB8A-D2FC2B03ADE8}
	EndGlobalSection
EndGlobal
